
Microsoft Visual Studio Solution File, Format Version 12.00
# Visual Studio Version 17
VisualStudioVersion = 17.10.35004.147
MinimumVisualStudioVersion = 10.0.40219.1
Project("{9A19103F-16F7-4668-BE54-9A1E7A4F7556}") = "Tickets", "Tickets.csproj", "{6FEA263D-25C2-4CB9-BEC2-9D24F96FF88A}"
EndProject
Global
	GlobalSection(SolutionConfigurationPlatforms) = preSolution
		Debug|Any CPU = Debug|Any CPU
		Release|Any CPU = Release|Any CPU
	EndGlobalSection
	GlobalSection(ProjectConfigurationPlatforms) = postSolution
		{6FEA263D-25C2-4CB9-BEC2-9D24F96FF88A}.Debug|Any CPU.ActiveCfg = Debug|Any CPU
		{6FEA263D-25C2-4CB9-BEC2-9D24F96FF88A}.Debug|Any CPU.Build.0 = Debug|Any CPU
		{6FEA263D-25C2-4CB9-BEC2-9D24F96FF88A}.Release|Any CPU.ActiveCfg = Release|Any CPU
		{6FEA263D-25C2-4CB9-BEC2-9D24F96FF88A}.Release|Any CPU.Build.0 = Release|Any CPU
	EndGlobalSection
	GlobalSection(SolutionProperties) = preSolution
		HideSolutionNode = FALSE
	EndGlobalSection
	GlobalSection(ExtensibilityGlobals) = postSolution
		SolutionGuid = {B3441975-647B-4E82-9430-2EDB56DE845F}
	EndGlobalSection
EndGlobal
